<?xml version="1.0" encoding="UTF-8"?>
<!DOCTYPE plist PUBLIC "-//Apple//DTD PLIST 1.0//EN" "http://www.apple.com/DTDs/PropertyList-1.0.dtd">
<plist version="1.0">
<dict>
	<key>archiveVersion</key>
	<string>1</string>
	<key>classes</key>
	<dict/>
	<key>objectVersion</key>
	<string>46</string>
	<key>objects</key>
	<dict>
		<key>BC61B1601DF8692F00A0151F</key>
		<dict>
			<key>fileEncoding</key>
			<string>4</string>
			<key>isa</key>
			<string>PBXFileReference</string>
			<key>lastKnownFileType</key>
			<string>sourcecode.swift</string>
			<key>path</key>
			<string>ViewControllerFactory.swift</string>
			<key>sourceTree</key>
			<string>&lt;group&gt;</string>
		</dict>
		<key>BC61B1611DF8692F00A0151F</key>
		<dict>
			<key>fileRef</key>
			<string>BC61B1601DF8692F00A0151F</string>
			<key>isa</key>
			<string>PBXBuildFile</string>
		</dict>
		<key>C5ECC5A11DF131E8002DFA81</key>
		<dict>
			<key>children</key>
			<array>
				<string>C5ECC5AB1DF131E8002DFA81</string>
				<string>C5ECC5AC1DF131E8002DFA81</string>
				<string>C5ECC5C11DF131E8002DFA81</string>
			</array>
			<key>isa</key>
			<string>PBXGroup</string>
			<key>sourceTree</key>
			<string>&lt;group&gt;</string>
		</dict>
		<key>C5ECC5A21DF131E8002DFA81</key>
		<dict>
			<key>attributes</key>
			<dict>
				<key>LastSwiftUpdateCheck</key>
				<string>0810</string>
				<key>LastUpgradeCheck</key>
				<string>0810</string>
				<key>ORGANIZATIONNAME</key>
				<string>Eiji Kushida</string>
				<key>TargetAttributes</key>
				<dict>
					<key>C5ECC5A91DF131E8002DFA81</key>
					<dict>
						<key>CreatedOnToolsVersion</key>
						<string>8.1</string>
						<key>DevelopmentTeam</key>
						<string>UE5DCQPTRB</string>
						<key>ProvisioningStyle</key>
						<string>Automatic</string>
					</dict>
					<key>C5ECC5BD1DF131E8002DFA81</key>
					<dict>
						<key>CreatedOnToolsVersion</key>
						<string>8.1</string>
						<key>ProvisioningStyle</key>
						<string>Automatic</string>
						<key>TestTargetID</key>
						<string>C5ECC5A91DF131E8002DFA81</string>
					</dict>
				</dict>
			</dict>
			<key>buildConfigurationList</key>
			<string>C5ECC5A51DF131E8002DFA81</string>
			<key>compatibilityVersion</key>
			<string>Xcode 3.2</string>
			<key>developmentRegion</key>
			<string>English</string>
			<key>hasScannedForEncodings</key>
			<string>0</string>
			<key>isa</key>
			<string>PBXProject</string>
			<key>knownRegions</key>
			<array>
				<string>en</string>
				<string>Base</string>
			</array>
			<key>mainGroup</key>
			<string>C5ECC5A11DF131E8002DFA81</string>
			<key>productRefGroup</key>
			<string>C5ECC5AB1DF131E8002DFA81</string>
			<key>projectDirPath</key>
			<string></string>
			<key>projectReferences</key>
			<array/>
			<key>projectRoot</key>
			<string></string>
			<key>targets</key>
			<array>
				<string>C5ECC5A91DF131E8002DFA81</string>
				<string>C5ECC5BD1DF131E8002DFA81</string>
			</array>
		</dict>
		<key>C5ECC5A51DF131E8002DFA81</key>
		<dict>
			<key>buildConfigurations</key>
			<array>
				<string>C5ECC5C51DF131E8002DFA81</string>
				<string>C5ECC5C61DF131E8002DFA81</string>
			</array>
			<key>defaultConfigurationIsVisible</key>
			<string>0</string>
			<key>defaultConfigurationName</key>
			<string>Release</string>
			<key>isa</key>
			<string>XCConfigurationList</string>
		</dict>
		<key>C5ECC5A61DF131E8002DFA81</key>
		<dict>
			<key>buildActionMask</key>
			<string>2147483647</string>
			<key>files</key>
			<array>
				<string>C5ECC5F11DF13234002DFA81</string>
				<string>C5ECC5F01DF13234002DFA81</string>
				<string>C5ECC5F61DF13234002DFA81</string>
				<string>C5ECC5FD1DF13234002DFA81</string>
				<string>C5ECC5EF1DF13234002DFA81</string>
				<string>C5ECC5F51DF13234002DFA81</string>
				<string>BC61B1611DF8692F00A0151F</string>
				<string>C5ECC5FB1DF13234002DFA81</string>
				<string>C5ECC5F81DF13234002DFA81</string>
				<string>C5ECC5F71DF13234002DFA81</string>
				<string>C5ECC5F21DF13234002DFA81</string>
				<string>C5ECC5F91DF13234002DFA81</string>
				<string>C5ECC5AE1DF131E8002DFA81</string>
				<string>C5ECC6021DF132BB002DFA81</string>
			</array>
			<key>isa</key>
			<string>PBXSourcesBuildPhase</string>
			<key>runOnlyForDeploymentPostprocessing</key>
			<string>0</string>
		</dict>
		<key>C5ECC5A71DF131E8002DFA81</key>
		<dict>
			<key>buildActionMask</key>
			<string>2147483647</string>
			<key>files</key>
			<array/>
			<key>isa</key>
			<string>PBXFrameworksBuildPhase</string>
			<key>runOnlyForDeploymentPostprocessing</key>
			<string>0</string>
		</dict>
		<key>C5ECC5A81DF131E8002DFA81</key>
		<dict>
			<key>buildActionMask</key>
			<string>2147483647</string>
			<key>files</key>
			<array>
				<string>C5ECC5F41DF13234002DFA81</string>
				<string>C5ECC5F31DF13234002DFA81</string>
				<string>C5ECC6091DF135BC002DFA81</string>
				<string>C5ECC5FA1DF13234002DFA81</string>
				<string>C5ECC60B1DF135F9002DFA81</string>
			</array>
			<key>isa</key>
			<string>PBXResourcesBuildPhase</string>
			<key>runOnlyForDeploymentPostprocessing</key>
			<string>0</string>
		</dict>
		<key>C5ECC5A91DF131E8002DFA81</key>
		<dict>
			<key>buildConfigurationList</key>
			<string>C5ECC5C71DF131E8002DFA81</string>
			<key>buildPhases</key>
			<array>
				<string>C5ECC5A61DF131E8002DFA81</string>
				<string>C5ECC5A71DF131E8002DFA81</string>
				<string>C5ECC5A81DF131E8002DFA81</string>
			</array>
			<key>buildRules</key>
			<array/>
			<key>dependencies</key>
			<array/>
			<key>isa</key>
			<string>PBXNativeTarget</string>
			<key>name</key>
			<string>ios-clean-architecture</string>
			<key>productName</key>
			<string>ios-clean-architecture</string>
			<key>productReference</key>
			<string>C5ECC5AA1DF131E8002DFA81</string>
			<key>productType</key>
			<string>com.apple.product-type.application</string>
		</dict>
		<key>C5ECC5AA1DF131E8002DFA81</key>
		<dict>
			<key>explicitFileType</key>
			<string>wrapper.application</string>
			<key>includeInIndex</key>
			<string>0</string>
			<key>isa</key>
			<string>PBXFileReference</string>
			<key>path</key>
			<string>ios-clean-architecture.app</string>
			<key>sourceTree</key>
			<string>BUILT_PRODUCTS_DIR</string>
		</dict>
		<key>C5ECC5AB1DF131E8002DFA81</key>
		<dict>
			<key>children</key>
			<array>
				<string>C5ECC5AA1DF131E8002DFA81</string>
				<string>C5ECC5BE1DF131E8002DFA81</string>
			</array>
			<key>isa</key>
			<string>PBXGroup</string>
			<key>name</key>
			<string>Products</string>
			<key>sourceTree</key>
			<string>&lt;group&gt;</string>
		</dict>
		<key>C5ECC5AC1DF131E8002DFA81</key>
		<dict>
			<key>children</key>
			<array>
				<string>C5ECC5CD1DF13234002DFA81</string>
				<string>C5ECC5D91DF13234002DFA81</string>
				<string>C5ECC5FF1DF132A8002DFA81</string>
				<string>C5ECC5DC1DF13234002DFA81</string>
				<string>C5ECC5B91DF131E8002DFA81</string>
			</array>
			<key>isa</key>
			<string>PBXGroup</string>
			<key>path</key>
			<string>ios-clean-architecture</string>
			<key>sourceTree</key>
			<string>&lt;group&gt;</string>
		</dict>
		<key>C5ECC5AD1DF131E8002DFA81</key>
		<dict>
			<key>isa</key>
			<string>PBXFileReference</string>
			<key>lastKnownFileType</key>
			<string>sourcecode.swift</string>
			<key>path</key>
			<string>AppDelegate.swift</string>
			<key>sourceTree</key>
			<string>&lt;group&gt;</string>
		</dict>
		<key>C5ECC5AE1DF131E8002DFA81</key>
		<dict>
			<key>fileRef</key>
			<string>C5ECC5AD1DF131E8002DFA81</string>
			<key>isa</key>
			<string>PBXBuildFile</string>
		</dict>
		<key>C5ECC5B91DF131E8002DFA81</key>
		<dict>
			<key>isa</key>
			<string>PBXFileReference</string>
			<key>lastKnownFileType</key>
			<string>text.plist.xml</string>
			<key>path</key>
			<string>Info.plist</string>
			<key>sourceTree</key>
			<string>&lt;group&gt;</string>
		</dict>
		<key>C5ECC5BA1DF131E8002DFA81</key>
		<dict>
			<key>buildActionMask</key>
			<string>2147483647</string>
			<key>files</key>
			<array>
				<string>C5ECC5C31DF131E8002DFA81</string>
			</array>
			<key>isa</key>
			<string>PBXSourcesBuildPhase</string>
			<key>runOnlyForDeploymentPostprocessing</key>
			<string>0</string>
		</dict>
		<key>C5ECC5BB1DF131E8002DFA81</key>
		<dict>
			<key>buildActionMask</key>
			<string>2147483647</string>
			<key>files</key>
			<array/>
			<key>isa</key>
			<string>PBXFrameworksBuildPhase</string>
			<key>runOnlyForDeploymentPostprocessing</key>
			<string>0</string>
		</dict>
		<key>C5ECC5BC1DF131E8002DFA81</key>
		<dict>
			<key>buildActionMask</key>
			<string>2147483647</string>
			<key>files</key>
			<array/>
			<key>isa</key>
			<string>PBXResourcesBuildPhase</string>
			<key>runOnlyForDeploymentPostprocessing</key>
			<string>0</string>
		</dict>
		<key>C5ECC5BD1DF131E8002DFA81</key>
		<dict>
			<key>buildConfigurationList</key>
			<string>C5ECC5CA1DF131E8002DFA81</string>
			<key>buildPhases</key>
			<array>
				<string>C5ECC5BA1DF131E8002DFA81</string>
				<string>C5ECC5BB1DF131E8002DFA81</string>
				<string>C5ECC5BC1DF131E8002DFA81</string>
			</array>
			<key>buildRules</key>
			<array/>
			<key>dependencies</key>
			<array>
				<string>C5ECC5C01DF131E8002DFA81</string>
			</array>
			<key>isa</key>
			<string>PBXNativeTarget</string>
			<key>name</key>
			<string>ios-clean-architectureTests</string>
			<key>productName</key>
			<string>ios-clean-architectureTests</string>
			<key>productReference</key>
			<string>C5ECC5BE1DF131E8002DFA81</string>
			<key>productType</key>
			<string>com.apple.product-type.bundle.unit-test</string>
		</dict>
		<key>C5ECC5BE1DF131E8002DFA81</key>
		<dict>
			<key>explicitFileType</key>
			<string>wrapper.cfbundle</string>
			<key>includeInIndex</key>
			<string>0</string>
			<key>isa</key>
			<string>PBXFileReference</string>
			<key>path</key>
			<string>ios-clean-architectureTests.xctest</string>
			<key>sourceTree</key>
			<string>BUILT_PRODUCTS_DIR</string>
		</dict>
		<key>C5ECC5BF1DF131E8002DFA81</key>
		<dict>
			<key>containerPortal</key>
			<string>C5ECC5A21DF131E8002DFA81</string>
			<key>isa</key>
			<string>PBXContainerItemProxy</string>
			<key>proxyType</key>
			<string>1</string>
			<key>remoteGlobalIDString</key>
			<string>C5ECC5A91DF131E8002DFA81</string>
			<key>remoteInfo</key>
			<string>ios-clean-architecture</string>
		</dict>
		<key>C5ECC5C01DF131E8002DFA81</key>
		<dict>
			<key>isa</key>
			<string>PBXTargetDependency</string>
			<key>target</key>
			<string>C5ECC5A91DF131E8002DFA81</string>
			<key>targetProxy</key>
			<string>C5ECC5BF1DF131E8002DFA81</string>
		</dict>
		<key>C5ECC5C11DF131E8002DFA81</key>
		<dict>
			<key>children</key>
			<array>
				<string>C5ECC5C41DF131E8002DFA81</string>
				<string>C5ECC5C21DF131E8002DFA81</string>
			</array>
			<key>isa</key>
			<string>PBXGroup</string>
			<key>path</key>
			<string>ios-clean-architectureTests</string>
			<key>sourceTree</key>
			<string>&lt;group&gt;</string>
		</dict>
		<key>C5ECC5C21DF131E8002DFA81</key>
		<dict>
			<key>isa</key>
			<string>PBXFileReference</string>
			<key>lastKnownFileType</key>
			<string>sourcecode.swift</string>
			<key>path</key>
			<string>ios_clean_architectureTests.swift</string>
			<key>sourceTree</key>
			<string>&lt;group&gt;</string>
		</dict>
		<key>C5ECC5C31DF131E8002DFA81</key>
		<dict>
			<key>fileRef</key>
			<string>C5ECC5C21DF131E8002DFA81</string>
			<key>isa</key>
			<string>PBXBuildFile</string>
		</dict>
		<key>C5ECC5C41DF131E8002DFA81</key>
		<dict>
			<key>isa</key>
			<string>PBXFileReference</string>
			<key>lastKnownFileType</key>
			<string>text.plist.xml</string>
			<key>path</key>
			<string>Info.plist</string>
			<key>sourceTree</key>
			<string>&lt;group&gt;</string>
		</dict>
		<key>C5ECC5C51DF131E8002DFA81</key>
		<dict>
			<key>buildSettings</key>
			<dict>
				<key>ALWAYS_SEARCH_USER_PATHS</key>
				<string>NO</string>
				<key>CLANG_ANALYZER_NONNULL</key>
				<string>YES</string>
				<key>CLANG_CXX_LANGUAGE_STANDARD</key>
				<string>gnu++0x</string>
				<key>CLANG_CXX_LIBRARY</key>
				<string>libc++</string>
				<key>CLANG_ENABLE_MODULES</key>
				<string>YES</string>
				<key>CLANG_ENABLE_OBJC_ARC</key>
				<string>YES</string>
				<key>CLANG_WARN_BOOL_CONVERSION</key>
				<string>YES</string>
				<key>CLANG_WARN_CONSTANT_CONVERSION</key>
				<string>YES</string>
				<key>CLANG_WARN_DIRECT_OBJC_ISA_USAGE</key>
				<string>YES_ERROR</string>
				<key>CLANG_WARN_DOCUMENTATION_COMMENTS</key>
				<string>YES</string>
				<key>CLANG_WARN_EMPTY_BODY</key>
				<string>YES</string>
				<key>CLANG_WARN_ENUM_CONVERSION</key>
				<string>YES</string>
				<key>CLANG_WARN_INFINITE_RECURSION</key>
				<string>YES</string>
				<key>CLANG_WARN_INT_CONVERSION</key>
				<string>YES</string>
				<key>CLANG_WARN_OBJC_ROOT_CLASS</key>
				<string>YES_ERROR</string>
				<key>CLANG_WARN_SUSPICIOUS_MOVES</key>
				<string>YES</string>
				<key>CLANG_WARN_UNREACHABLE_CODE</key>
				<string>YES</string>
				<key>CLANG_WARN__DUPLICATE_METHOD_MATCH</key>
				<string>YES</string>
				<key>CODE_SIGN_IDENTITY[sdk=iphoneos*]</key>
				<string>iPhone Developer</string>
				<key>COPY_PHASE_STRIP</key>
				<string>NO</string>
				<key>DEBUG_INFORMATION_FORMAT</key>
				<string>dwarf</string>
				<key>ENABLE_STRICT_OBJC_MSGSEND</key>
				<string>YES</string>
				<key>ENABLE_TESTABILITY</key>
				<string>YES</string>
				<key>GCC_C_LANGUAGE_STANDARD</key>
				<string>gnu99</string>
				<key>GCC_DYNAMIC_NO_PIC</key>
				<string>NO</string>
				<key>GCC_NO_COMMON_BLOCKS</key>
				<string>YES</string>
				<key>GCC_OPTIMIZATION_LEVEL</key>
				<string>0</string>
				<key>GCC_PREPROCESSOR_DEFINITIONS</key>
				<array>
					<string>DEBUG=1</string>
					<string>$(inherited)</string>
				</array>
				<key>GCC_WARN_64_TO_32_BIT_CONVERSION</key>
				<string>YES</string>
				<key>GCC_WARN_ABOUT_RETURN_TYPE</key>
				<string>YES_ERROR</string>
				<key>GCC_WARN_UNDECLARED_SELECTOR</key>
				<string>YES</string>
				<key>GCC_WARN_UNINITIALIZED_AUTOS</key>
				<string>YES_AGGRESSIVE</string>
				<key>GCC_WARN_UNUSED_FUNCTION</key>
				<string>YES</string>
				<key>GCC_WARN_UNUSED_VARIABLE</key>
				<string>YES</string>
				<key>IPHONEOS_DEPLOYMENT_TARGET</key>
				<string>10.1</string>
				<key>MTL_ENABLE_DEBUG_INFO</key>
				<string>YES</string>
				<key>ONLY_ACTIVE_ARCH</key>
				<string>YES</string>
				<key>SDKROOT</key>
				<string>iphoneos</string>
				<key>SWIFT_ACTIVE_COMPILATION_CONDITIONS</key>
				<string>DEBUG</string>
				<key>SWIFT_OPTIMIZATION_LEVEL</key>
				<string>-Onone</string>
			</dict>
			<key>isa</key>
			<string>XCBuildConfiguration</string>
			<key>name</key>
			<string>Debug</string>
		</dict>
		<key>C5ECC5C61DF131E8002DFA81</key>
		<dict>
			<key>buildSettings</key>
			<dict>
				<key>ALWAYS_SEARCH_USER_PATHS</key>
				<string>NO</string>
				<key>CLANG_ANALYZER_NONNULL</key>
				<string>YES</string>
				<key>CLANG_CXX_LANGUAGE_STANDARD</key>
				<string>gnu++0x</string>
				<key>CLANG_CXX_LIBRARY</key>
				<string>libc++</string>
				<key>CLANG_ENABLE_MODULES</key>
				<string>YES</string>
				<key>CLANG_ENABLE_OBJC_ARC</key>
				<string>YES</string>
				<key>CLANG_WARN_BOOL_CONVERSION</key>
				<string>YES</string>
				<key>CLANG_WARN_CONSTANT_CONVERSION</key>
				<string>YES</string>
				<key>CLANG_WARN_DIRECT_OBJC_ISA_USAGE</key>
				<string>YES_ERROR</string>
				<key>CLANG_WARN_DOCUMENTATION_COMMENTS</key>
				<string>YES</string>
				<key>CLANG_WARN_EMPTY_BODY</key>
				<string>YES</string>
				<key>CLANG_WARN_ENUM_CONVERSION</key>
				<string>YES</string>
				<key>CLANG_WARN_INFINITE_RECURSION</key>
				<string>YES</string>
				<key>CLANG_WARN_INT_CONVERSION</key>
				<string>YES</string>
				<key>CLANG_WARN_OBJC_ROOT_CLASS</key>
				<string>YES_ERROR</string>
				<key>CLANG_WARN_SUSPICIOUS_MOVES</key>
				<string>YES</string>
				<key>CLANG_WARN_UNREACHABLE_CODE</key>
				<string>YES</string>
				<key>CLANG_WARN__DUPLICATE_METHOD_MATCH</key>
				<string>YES</string>
				<key>CODE_SIGN_IDENTITY[sdk=iphoneos*]</key>
				<string>iPhone Developer</string>
				<key>COPY_PHASE_STRIP</key>
				<string>NO</string>
				<key>DEBUG_INFORMATION_FORMAT</key>
				<string>dwarf-with-dsym</string>
				<key>ENABLE_NS_ASSERTIONS</key>
				<string>NO</string>
				<key>ENABLE_STRICT_OBJC_MSGSEND</key>
				<string>YES</string>
				<key>GCC_C_LANGUAGE_STANDARD</key>
				<string>gnu99</string>
				<key>GCC_NO_COMMON_BLOCKS</key>
				<string>YES</string>
				<key>GCC_WARN_64_TO_32_BIT_CONVERSION</key>
				<string>YES</string>
				<key>GCC_WARN_ABOUT_RETURN_TYPE</key>
				<string>YES_ERROR</string>
				<key>GCC_WARN_UNDECLARED_SELECTOR</key>
				<string>YES</string>
				<key>GCC_WARN_UNINITIALIZED_AUTOS</key>
				<string>YES_AGGRESSIVE</string>
				<key>GCC_WARN_UNUSED_FUNCTION</key>
				<string>YES</string>
				<key>GCC_WARN_UNUSED_VARIABLE</key>
				<string>YES</string>
				<key>IPHONEOS_DEPLOYMENT_TARGET</key>
				<string>10.1</string>
				<key>MTL_ENABLE_DEBUG_INFO</key>
				<string>NO</string>
				<key>SDKROOT</key>
				<string>iphoneos</string>
				<key>SWIFT_OPTIMIZATION_LEVEL</key>
				<string>-Owholemodule</string>
				<key>VALIDATE_PRODUCT</key>
				<string>YES</string>
			</dict>
			<key>isa</key>
			<string>XCBuildConfiguration</string>
			<key>name</key>
			<string>Release</string>
		</dict>
		<key>C5ECC5C71DF131E8002DFA81</key>
		<dict>
			<key>buildConfigurations</key>
			<array>
				<string>C5ECC5C81DF131E8002DFA81</string>
				<string>C5ECC5C91DF131E8002DFA81</string>
			</array>
			<key>defaultConfigurationIsVisible</key>
			<string>0</string>
			<key>defaultConfigurationName</key>
			<string>Release</string>
			<key>isa</key>
			<string>XCConfigurationList</string>
		</dict>
		<key>C5ECC5C81DF131E8002DFA81</key>
		<dict>
			<key>buildSettings</key>
			<dict>
				<key>ASSETCATALOG_COMPILER_APPICON_NAME</key>
				<string>AppIcon</string>
				<key>DEVELOPMENT_TEAM</key>
				<string>UE5DCQPTRB</string>
				<key>INFOPLIST_FILE</key>
				<string>ios-clean-architecture/Info.plist</string>
				<key>IPHONEOS_DEPLOYMENT_TARGET</key>
				<string>9.0</string>
				<key>LD_RUNPATH_SEARCH_PATHS</key>
				<string>$(inherited) @executable_path/Frameworks</string>
				<key>PRODUCT_BUNDLE_IDENTIFIER</key>
				<string>jp.st-ventures.ios-clean-architecture</string>
				<key>PRODUCT_NAME</key>
				<string>$(TARGET_NAME)</string>
				<key>SWIFT_VERSION</key>
				<string>3.0</string>
			</dict>
			<key>isa</key>
			<string>XCBuildConfiguration</string>
			<key>name</key>
			<string>Debug</string>
		</dict>
		<key>C5ECC5C91DF131E8002DFA81</key>
		<dict>
			<key>buildSettings</key>
			<dict>
				<key>ASSETCATALOG_COMPILER_APPICON_NAME</key>
				<string>AppIcon</string>
				<key>DEVELOPMENT_TEAM</key>
				<string>UE5DCQPTRB</string>
				<key>INFOPLIST_FILE</key>
				<string>ios-clean-architecture/Info.plist</string>
				<key>IPHONEOS_DEPLOYMENT_TARGET</key>
				<string>9.0</string>
				<key>LD_RUNPATH_SEARCH_PATHS</key>
				<string>$(inherited) @executable_path/Frameworks</string>
				<key>PRODUCT_BUNDLE_IDENTIFIER</key>
				<string>jp.st-ventures.ios-clean-architecture</string>
				<key>PRODUCT_NAME</key>
				<string>$(TARGET_NAME)</string>
				<key>SWIFT_VERSION</key>
				<string>3.0</string>
			</dict>
			<key>isa</key>
			<string>XCBuildConfiguration</string>
			<key>name</key>
			<string>Release</string>
		</dict>
		<key>C5ECC5CA1DF131E8002DFA81</key>
		<dict>
			<key>buildConfigurations</key>
			<array>
				<string>C5ECC5CB1DF131E8002DFA81</string>
				<string>C5ECC5CC1DF131E8002DFA81</string>
			</array>
			<key>defaultConfigurationIsVisible</key>
			<string>0</string>
			<key>defaultConfigurationName</key>
			<string>Release</string>
			<key>isa</key>
			<string>XCConfigurationList</string>
		</dict>
		<key>C5ECC5CB1DF131E8002DFA81</key>
		<dict>
			<key>buildSettings</key>
			<dict>
				<key>ALWAYS_EMBED_SWIFT_STANDARD_LIBRARIES</key>
				<string>YES</string>
				<key>BUNDLE_LOADER</key>
				<string>$(TEST_HOST)</string>
				<key>INFOPLIST_FILE</key>
				<string>ios-clean-architectureTests/Info.plist</string>
				<key>IPHONEOS_DEPLOYMENT_TARGET</key>
				<string>9.0</string>
				<key>LD_RUNPATH_SEARCH_PATHS</key>
				<string>$(inherited) @executable_path/Frameworks @loader_path/Frameworks</string>
				<key>PRODUCT_BUNDLE_IDENTIFIER</key>
				<string>jp.st-ventures.ios-clean-architectureTests</string>
				<key>PRODUCT_NAME</key>
				<string>$(TARGET_NAME)</string>
				<key>SWIFT_VERSION</key>
				<string>3.0</string>
				<key>TEST_HOST</key>
				<string>$(BUILT_PRODUCTS_DIR)/ios-clean-architecture.app/ios-clean-architecture</string>
			</dict>
			<key>isa</key>
			<string>XCBuildConfiguration</string>
			<key>name</key>
			<string>Debug</string>
		</dict>
		<key>C5ECC5CC1DF131E8002DFA81</key>
		<dict>
			<key>buildSettings</key>
			<dict>
				<key>ALWAYS_EMBED_SWIFT_STANDARD_LIBRARIES</key>
				<string>YES</string>
				<key>BUNDLE_LOADER</key>
				<string>$(TEST_HOST)</string>
				<key>INFOPLIST_FILE</key>
				<string>ios-clean-architectureTests/Info.plist</string>
				<key>IPHONEOS_DEPLOYMENT_TARGET</key>
				<string>9.0</string>
				<key>LD_RUNPATH_SEARCH_PATHS</key>
				<string>$(inherited) @executable_path/Frameworks @loader_path/Frameworks</string>
				<key>PRODUCT_BUNDLE_IDENTIFIER</key>
				<string>jp.st-ventures.ios-clean-architectureTests</string>
				<key>PRODUCT_NAME</key>
				<string>$(TARGET_NAME)</string>
				<key>SWIFT_VERSION</key>
				<string>3.0</string>
				<key>TEST_HOST</key>
				<string>$(BUILT_PRODUCTS_DIR)/ios-clean-architecture.app/ios-clean-architecture</string>
			</dict>
			<key>isa</key>
			<string>XCBuildConfiguration</string>
			<key>name</key>
			<string>Release</string>
		</dict>
		<key>C5ECC5CD1DF13234002DFA81</key>
		<dict>
			<key>children</key>
			<array>
				<string>C5ECC5CE1DF13234002DFA81</string>
				<string>C5ECC5D01DF13234002DFA81</string>
				<string>C5ECC5D41DF13234002DFA81</string>
				<string>C5ECC5D61DF13234002DFA81</string>
			</array>
			<key>isa</key>
			<string>PBXGroup</string>
			<key>path</key>
			<string>Data</string>
			<key>sourceTree</key>
			<string>&lt;group&gt;</string>
		</dict>
		<key>C5ECC5CE1DF13234002DFA81</key>
		<dict>
			<key>children</key>
			<array>
				<string>C5ECC5CF1DF13234002DFA81</string>
			</array>
			<key>isa</key>
			<string>PBXGroup</string>
			<key>path</key>
			<string>DataSource</string>
			<key>sourceTree</key>
			<string>&lt;group&gt;</string>
		</dict>
		<key>C5ECC5CF1DF13234002DFA81</key>
		<dict>
			<key>fileEncoding</key>
			<string>4</string>
			<key>isa</key>
			<string>PBXFileReference</string>
			<key>lastKnownFileType</key>
			<string>sourcecode.swift</string>
			<key>path</key>
			<string>PhotoDataSource.swift</string>
			<key>sourceTree</key>
			<string>&lt;group&gt;</string>
		</dict>
		<key>C5ECC5D01DF13234002DFA81</key>
		<dict>
			<key>children</key>
			<array>
				<string>C5ECC5D11DF13234002DFA81</string>
			</array>
			<key>isa</key>
			<string>PBXGroup</string>
			<key>path</key>
			<string>Entity</string>
			<key>sourceTree</key>
			<string>&lt;group&gt;</string>
		</dict>
		<key>C5ECC5D11DF13234002DFA81</key>
		<dict>
			<key>fileEncoding</key>
			<string>4</string>
			<key>isa</key>
			<string>PBXFileReference</string>
			<key>lastKnownFileType</key>
			<string>sourcecode.swift</string>
			<key>path</key>
			<string>Photo.swift</string>
			<key>sourceTree</key>
			<string>&lt;group&gt;</string>
		</dict>
		<key>C5ECC5D21DF13234002DFA81</key>
		<dict>
			<key>children</key>
			<array>
				<string>C5ECC5D31DF13234002DFA81</string>
			</array>
			<key>isa</key>
			<string>PBXGroup</string>
			<key>name</key>
			<string>Event</string>
			<key>path</key>
			<string>Event</string>
			<key>sourceTree</key>
			<string>&lt;group&gt;</string>
		</dict>
		<key>C5ECC5D31DF13234002DFA81</key>
		<dict>
			<key>fileEncoding</key>
			<string>4</string>
			<key>isa</key>
			<string>PBXFileReference</string>
			<key>lastKnownFileType</key>
			<string>sourcecode.swift</string>
			<key>path</key>
			<string>PhotoListDidLoadEvent.swift</string>
			<key>sourceTree</key>
			<string>&lt;group&gt;</string>
		</dict>
		<key>C5ECC5D41DF13234002DFA81</key>
		<dict>
			<key>children</key>
			<array>
				<string>C5ECC5D51DF13234002DFA81</string>
			</array>
			<key>isa</key>
			<string>PBXGroup</string>
			<key>path</key>
			<string>Repository</string>
			<key>sourceTree</key>
			<string>&lt;group&gt;</string>
		</dict>
		<key>C5ECC5D51DF13234002DFA81</key>
		<dict>
			<key>fileEncoding</key>
			<string>4</string>
			<key>isa</key>
			<string>PBXFileReference</string>
			<key>lastKnownFileType</key>
			<string>sourcecode.swift</string>
			<key>path</key>
			<string>PhotoRepository.swift</string>
			<key>sourceTree</key>
			<string>&lt;group&gt;</string>
		</dict>
		<key>C5ECC5D61DF13234002DFA81</key>
		<dict>
			<key>children</key>
			<array>
				<string>C5ECC5D71DF13234002DFA81</string>
				<string>C5ECC5D81DF13234002DFA81</string>
			</array>
			<key>isa</key>
			<string>PBXGroup</string>
			<key>path</key>
			<string>Resource</string>
			<key>sourceTree</key>
			<string>&lt;group&gt;</string>
		</dict>
		<key>C5ECC5D71DF13234002DFA81</key>
		<dict>
			<key>isa</key>
			<string>PBXFileReference</string>
			<key>lastKnownFileType</key>
			<string>folder.assetcatalog</string>
			<key>path</key>
			<string>Assets.xcassets</string>
			<key>sourceTree</key>
			<string>&lt;group&gt;</string>
		</dict>
		<key>C5ECC5D81DF13234002DFA81</key>
		<dict>
			<key>fileEncoding</key>
			<string>4</string>
			<key>isa</key>
			<string>PBXFileReference</string>
			<key>lastKnownFileType</key>
			<string>text.plist.xml</string>
			<key>path</key>
			<string>photos.plist</string>
			<key>sourceTree</key>
			<string>&lt;group&gt;</string>
		</dict>
		<key>C5ECC5D91DF13234002DFA81</key>
		<dict>
			<key>children</key>
			<array>
				<string>C5ECC5DA1DF13234002DFA81</string>
			</array>
			<key>isa</key>
			<string>PBXGroup</string>
			<key>path</key>
			<string>Domain</string>
			<key>sourceTree</key>
			<string>&lt;group&gt;</string>
		</dict>
		<key>C5ECC5DA1DF13234002DFA81</key>
		<dict>
			<key>children</key>
			<array>
				<string>C5ECC60F1DF16EA9002DFA81</string>
			</array>
			<key>isa</key>
			<string>PBXGroup</string>
			<key>path</key>
			<string>Usecase</string>
			<key>sourceTree</key>
			<string>&lt;group&gt;</string>
		</dict>
		<key>C5ECC5DB1DF13234002DFA81</key>
		<dict>
			<key>fileEncoding</key>
			<string>4</string>
			<key>isa</key>
			<string>PBXFileReference</string>
			<key>lastKnownFileType</key>
			<string>sourcecode.swift</string>
			<key>path</key>
			<string>PhotoListUsecase.swift</string>
			<key>sourceTree</key>
			<string>&lt;group&gt;</string>
		</dict>
		<key>C5ECC5DC1DF13234002DFA81</key>
		<dict>
			<key>children</key>
			<array>
				<string>C5ECC5DD1DF13234002DFA81</string>
				<string>C5ECC5E01DF13234002DFA81</string>
				<string>C5ECC5E41DF13234002DFA81</string>
			</array>
			<key>isa</key>
			<string>PBXGroup</string>
			<key>path</key>
			<string>UI</string>
			<key>sourceTree</key>
			<string>&lt;group&gt;</string>
		</dict>
		<key>C5ECC5DD1DF13234002DFA81</key>
		<dict>
			<key>children</key>
			<array>
				<string>C5ECC5DE1DF13234002DFA81</string>
				<string>C5ECC5DF1DF13234002DFA81</string>
			</array>
			<key>isa</key>
			<string>PBXGroup</string>
			<key>path</key>
			<string>Presenter</string>
			<key>sourceTree</key>
			<string>&lt;group&gt;</string>
		</dict>
		<key>C5ECC5DE1DF13234002DFA81</key>
		<dict>
			<key>fileEncoding</key>
			<string>4</string>
			<key>isa</key>
			<string>PBXFileReference</string>
			<key>lastKnownFileType</key>
			<string>sourcecode.swift</string>
			<key>path</key>
			<string>PhotoDetailPresenter.swift</string>
			<key>sourceTree</key>
			<string>&lt;group&gt;</string>
		</dict>
		<key>C5ECC5DF1DF13234002DFA81</key>
		<dict>
			<key>fileEncoding</key>
			<string>4</string>
			<key>isa</key>
			<string>PBXFileReference</string>
			<key>lastKnownFileType</key>
			<string>sourcecode.swift</string>
			<key>path</key>
			<string>PhotoListPresenter.swift</string>
			<key>sourceTree</key>
			<string>&lt;group&gt;</string>
		</dict>
		<key>C5ECC5E01DF13234002DFA81</key>
		<dict>
			<key>children</key>
			<array>
				<string>C5ECC5E11DF13234002DFA81</string>
			</array>
			<key>isa</key>
			<string>PBXGroup</string>
			<key>path</key>
			<string>View</string>
			<key>sourceTree</key>
			<string>&lt;group&gt;</string>
		</dict>
		<key>C5ECC5E11DF13234002DFA81</key>
		<dict>
			<key>children</key>
			<array>
				<string>C5ECC5E21DF13234002DFA81</string>
				<string>C5ECC5E31DF13234002DFA81</string>
			</array>
			<key>isa</key>
			<string>PBXGroup</string>
			<key>path</key>
			<string>List</string>
			<key>sourceTree</key>
			<string>&lt;group&gt;</string>
		</dict>
		<key>C5ECC5E21DF13234002DFA81</key>
		<dict>
			<key>fileEncoding</key>
			<string>4</string>
			<key>isa</key>
			<string>PBXFileReference</string>
			<key>lastKnownFileType</key>
			<string>sourcecode.swift</string>
			<key>path</key>
			<string>PhotoListCell.swift</string>
			<key>sourceTree</key>
			<string>&lt;group&gt;</string>
		</dict>
		<key>C5ECC5E31DF13234002DFA81</key>
		<dict>
			<key>fileEncoding</key>
			<string>4</string>
			<key>isa</key>
			<string>PBXFileReference</string>
			<key>lastKnownFileType</key>
			<string>sourcecode.swift</string>
			<key>path</key>
			<string>PhotoListCollectionView.swift</string>
			<key>sourceTree</key>
			<string>&lt;group&gt;</string>
		</dict>
		<key>C5ECC5E41DF13234002DFA81</key>
		<dict>
			<key>children</key>
			<array>
				<string>C5ECC5E51DF13234002DFA81</string>
				<string>C5ECC5E81DF13234002DFA81</string>
				<string>C5ECC60C1DF136BC002DFA81</string>
				<string>C5ECC5EC1DF13234002DFA81</string>
			</array>
			<key>isa</key>
			<string>PBXGroup</string>
			<key>path</key>
			<string>ViewController</string>
			<key>sourceTree</key>
			<string>&lt;group&gt;</string>
		</dict>
		<key>C5ECC5E51DF13234002DFA81</key>
		<dict>
			<key>children</key>
			<array>
				<string>C5ECC5E61DF13234002DFA81</string>
				<string>C5ECC5E71DF13234002DFA81</string>
			</array>
			<key>isa</key>
			<string>PBXGroup</string>
			<key>path</key>
			<string>Detail</string>
			<key>sourceTree</key>
			<string>&lt;group&gt;</string>
		</dict>
		<key>C5ECC5E61DF13234002DFA81</key>
		<dict>
			<key>fileEncoding</key>
			<string>4</string>
			<key>isa</key>
			<string>PBXFileReference</string>
			<key>lastKnownFileType</key>
			<string>file.storyboard</string>
			<key>path</key>
			<string>PhotoDetail.storyboard</string>
			<key>sourceTree</key>
			<string>&lt;group&gt;</string>
		</dict>
		<key>C5ECC5E71DF13234002DFA81</key>
		<dict>
			<key>fileEncoding</key>
			<string>4</string>
			<key>isa</key>
			<string>PBXFileReference</string>
			<key>lastKnownFileType</key>
			<string>sourcecode.swift</string>
			<key>path</key>
			<string>PhotoDetailViewController.swift</string>
			<key>sourceTree</key>
			<string>&lt;group&gt;</string>
		</dict>
		<key>C5ECC5E81DF13234002DFA81</key>
		<dict>
			<key>children</key>
			<array>
				<string>C5ECC60A1DF135F9002DFA81</string>
				<string>C5ECC5EB1DF13234002DFA81</string>
			</array>
			<key>isa</key>
			<string>PBXGroup</string>
			<key>path</key>
			<string>List</string>
			<key>sourceTree</key>
			<string>&lt;group&gt;</string>
		</dict>
		<key>C5ECC5EB1DF13234002DFA81</key>
		<dict>
			<key>fileEncoding</key>
			<string>4</string>
			<key>isa</key>
			<string>PBXFileReference</string>
			<key>lastKnownFileType</key>
			<string>sourcecode.swift</string>
			<key>path</key>
			<string>PhotoListViewController.swift</string>
			<key>sourceTree</key>
			<string>&lt;group&gt;</string>
		</dict>
		<key>C5ECC5EC1DF13234002DFA81</key>
		<dict>
			<key>children</key>
			<array>
				<string>C5ECC6081DF135BC002DFA81</string>
			</array>
			<key>isa</key>
			<string>PBXGroup</string>
			<key>path</key>
			<string>Startup</string>
			<key>sourceTree</key>
			<string>&lt;group&gt;</string>
		</dict>
		<key>C5ECC5EF1DF13234002DFA81</key>
		<dict>
			<key>fileRef</key>
			<string>C5ECC5CF1DF13234002DFA81</string>
			<key>isa</key>
			<string>PBXBuildFile</string>
		</dict>
		<key>C5ECC5F01DF13234002DFA81</key>
		<dict>
			<key>fileRef</key>
			<string>C5ECC5D11DF13234002DFA81</string>
			<key>isa</key>
			<string>PBXBuildFile</string>
		</dict>
		<key>C5ECC5F11DF13234002DFA81</key>
		<dict>
			<key>fileRef</key>
			<string>C5ECC5D31DF13234002DFA81</string>
			<key>isa</key>
			<string>PBXBuildFile</string>
		</dict>
		<key>C5ECC5F21DF13234002DFA81</key>
		<dict>
			<key>fileRef</key>
			<string>C5ECC5D51DF13234002DFA81</string>
			<key>isa</key>
			<string>PBXBuildFile</string>
		</dict>
		<key>C5ECC5F31DF13234002DFA81</key>
		<dict>
			<key>fileRef</key>
			<string>C5ECC5D71DF13234002DFA81</string>
			<key>isa</key>
			<string>PBXBuildFile</string>
		</dict>
		<key>C5ECC5F41DF13234002DFA81</key>
		<dict>
			<key>fileRef</key>
			<string>C5ECC5D81DF13234002DFA81</string>
			<key>isa</key>
			<string>PBXBuildFile</string>
		</dict>
		<key>C5ECC5F51DF13234002DFA81</key>
		<dict>
			<key>fileRef</key>
			<string>C5ECC5DB1DF13234002DFA81</string>
			<key>isa</key>
			<string>PBXBuildFile</string>
		</dict>
		<key>C5ECC5F61DF13234002DFA81</key>
		<dict>
			<key>fileRef</key>
			<string>C5ECC5DE1DF13234002DFA81</string>
			<key>isa</key>
			<string>PBXBuildFile</string>
		</dict>
		<key>C5ECC5F71DF13234002DFA81</key>
		<dict>
			<key>fileRef</key>
			<string>C5ECC5DF1DF13234002DFA81</string>
			<key>isa</key>
			<string>PBXBuildFile</string>
		</dict>
		<key>C5ECC5F81DF13234002DFA81</key>
		<dict>
			<key>fileRef</key>
			<string>C5ECC5E21DF13234002DFA81</string>
			<key>isa</key>
			<string>PBXBuildFile</string>
		</dict>
		<key>C5ECC5F91DF13234002DFA81</key>
		<dict>
			<key>fileRef</key>
			<string>C5ECC5E31DF13234002DFA81</string>
			<key>isa</key>
			<string>PBXBuildFile</string>
		</dict>
		<key>C5ECC5FA1DF13234002DFA81</key>
		<dict>
			<key>fileRef</key>
			<string>C5ECC5E61DF13234002DFA81</string>
			<key>isa</key>
			<string>PBXBuildFile</string>
		</dict>
		<key>C5ECC5FB1DF13234002DFA81</key>
		<dict>
			<key>fileRef</key>
			<string>C5ECC5E71DF13234002DFA81</string>
			<key>isa</key>
			<string>PBXBuildFile</string>
		</dict>
		<key>C5ECC5FD1DF13234002DFA81</key>
		<dict>
			<key>fileRef</key>
			<string>C5ECC5EB1DF13234002DFA81</string>
			<key>isa</key>
			<string>PBXBuildFile</string>
		</dict>
		<key>C5ECC5FF1DF132A8002DFA81</key>
		<dict>
			<key>children</key>
			<array>
				<string>C5ECC5D21DF13234002DFA81</string>
				<string>C5ECC6001DF132B1002DFA81</string>
				<string>C5ECC5AD1DF131E8002DFA81</string>
			</array>
			<key>isa</key>
			<string>PBXGroup</string>
			<key>path</key>
			<string>Other</string>
			<key>sourceTree</key>
			<string>&lt;group&gt;</string>
		</dict>
		<key>C5ECC6001DF132B1002DFA81</key>
		<dict>
			<key>children</key>
			<array>
				<string>C5ECC6011DF132BB002DFA81</string>
			</array>
			<key>isa</key>
			<string>PBXGroup</string>
			<key>path</key>
			<string>Extensions</string>
			<key>sourceTree</key>
			<string>&lt;group&gt;</string>
		</dict>
		<key>C5ECC6011DF132BB002DFA81</key>
		<dict>
			<key>fileEncoding</key>
			<string>4</string>
			<key>isa</key>
			<string>PBXFileReference</string>
			<key>lastKnownFileType</key>
			<string>sourcecode.swift</string>
			<key>path</key>
			<string>UIStoryboard.swift</string>
			<key>sourceTree</key>
			<string>&lt;group&gt;</string>
		</dict>
		<key>C5ECC6021DF132BB002DFA81</key>
		<dict>
			<key>fileRef</key>
			<string>C5ECC6011DF132BB002DFA81</string>
			<key>isa</key>
			<string>PBXBuildFile</string>
		</dict>
		<key>C5ECC6081DF135BC002DFA81</key>
		<dict>
			<key>fileEncoding</key>
			<string>4</string>
			<key>isa</key>
			<string>PBXFileReference</string>
			<key>lastKnownFileType</key>
			<string>file.storyboard</string>
			<key>path</key>
			<string>LaunchScreen.storyboard</string>
			<key>sourceTree</key>
			<string>&lt;group&gt;</string>
		</dict>
		<key>C5ECC6091DF135BC002DFA81</key>
		<dict>
			<key>fileRef</key>
			<string>C5ECC6081DF135BC002DFA81</string>
			<key>isa</key>
			<string>PBXBuildFile</string>
		</dict>
		<key>C5ECC60A1DF135F9002DFA81</key>
		<dict>
			<key>fileEncoding</key>
			<string>4</string>
			<key>isa</key>
			<string>PBXFileReference</string>
			<key>lastKnownFileType</key>
			<string>file.storyboard</string>
			<key>path</key>
			<string>PhotoList.storyboard</string>
			<key>sourceTree</key>
			<string>&lt;group&gt;</string>
		</dict>
		<key>C5ECC60B1DF135F9002DFA81</key>
		<dict>
			<key>fileRef</key>
			<string>C5ECC60A1DF135F9002DFA81</string>
			<key>isa</key>
			<string>PBXBuildFile</string>
		</dict>
		<key>C5ECC60C1DF136BC002DFA81</key>
		<dict>
			<key>children</key>
			<array>
				<string>BC61B1601DF8692F00A0151F</string>
			</array>
			<key>isa</key>
			<string>PBXGroup</string>
			<key>path</key>
			<string>Other</string>
			<key>sourceTree</key>
			<string>&lt;group&gt;</string>
		</dict>
		<key>C5ECC60F1DF16EA9002DFA81</key>
		<dict>
			<key>children</key>
			<array>
				<string>C5ECC5DB1DF13234002DFA81</string>
			</array>
			<key>isa</key>
			<string>PBXGroup</string>
			<key>path</key>
			<string>List</string>
			<key>sourceTree</key>
			<string>&lt;group&gt;</string>
		</dict>
	</dict>
	<key>rootObject</key>
	<string>C5ECC5A21DF131E8002DFA81</string>
</dict>
</plist>
